
Microsoft Visual Studio Solution File, Format Version 12.00
# Visual Studio Version 16
VisualStudioVersion = 16.0.31005.135
MinimumVisualStudioVersion = 10.0.40219.1
Project("{FAE04EC0-301F-11D3-BF4B-00C04F79EFBC}") = "ContosoBicycle", "ContosoBicycle\ContosoBicycle.csproj", "{558E81D0-DC5A-44A5-B87F-A3FB5452BE88}"
EndProject
Project("{FAE04EC0-301F-11D3-BF4B-00C04F79EFBC}") = "Contoso.Api", "Contoso.Api\Contoso.Api.csproj", "{57F66E40-24BF-4AA9-A68B-490D2CF0D2B2}"
EndProject
Project("{2150E333-8FDC-42A3-9474-1A3956D46DE8}") = "Kubernetes", "Kubernetes", "{B9647810-BE32-43FF-BE2D-16E33E254C1D}"
	ProjectSection(SolutionItems) = preProject
		Kubernetes\api-deployment.yaml = Kubernetes\api-deployment.yaml
		Kubernetes\api-service.yaml = Kubernetes\api-service.yaml
		Kubernetes\web-deployment.yaml = Kubernetes\web-deployment.yaml
		Kubernetes\web-service.yaml = Kubernetes\web-service.yaml
	EndProjectSection
EndProject
Global
	GlobalSection(SolutionConfigurationPlatforms) = preSolution
		Debug|Any CPU = Debug|Any CPU
		Release|Any CPU = Release|Any CPU
	EndGlobalSection
	GlobalSection(ProjectConfigurationPlatforms) = postSolution
		{558E81D0-DC5A-44A5-B87F-A3FB5452BE88}.Debug|Any CPU.ActiveCfg = Debug|Any CPU
		{558E81D0-DC5A-44A5-B87F-A3FB5452BE88}.Debug|Any CPU.Build.0 = Debug|Any CPU
		{558E81D0-DC5A-44A5-B87F-A3FB5452BE88}.Release|Any CPU.ActiveCfg = Release|Any CPU
		{558E81D0-DC5A-44A5-B87F-A3FB5452BE88}.Release|Any CPU.Build.0 = Release|Any CPU
		{57F66E40-24BF-4AA9-A68B-490D2CF0D2B2}.Debug|Any CPU.ActiveCfg = Debug|Any CPU
		{57F66E40-24BF-4AA9-A68B-490D2CF0D2B2}.Debug|Any CPU.Build.0 = Debug|Any CPU
		{57F66E40-24BF-4AA9-A68B-490D2CF0D2B2}.Release|Any CPU.ActiveCfg = Release|Any CPU
		{57F66E40-24BF-4AA9-A68B-490D2CF0D2B2}.Release|Any CPU.Build.0 = Release|Any CPU
	EndGlobalSection
	GlobalSection(SolutionProperties) = preSolution
		HideSolutionNode = FALSE
	EndGlobalSection
	GlobalSection(ExtensibilityGlobals) = postSolution
		SolutionGuid = {EA5D3400-3EF4-43ED-B793-BBE407D5C864}
	EndGlobalSection
EndGlobal
